# R dependencies for PDX Analysis Tutorial
# This file can be used with renv::restore() after renv::init()

Package: lme4
Version: 1.1-34
Source: CRAN

Package: ggplot2
Version: 3.4.4
Source: CRAN

Package: dplyr
Version: 1.1.4
Source: CRAN

Package: tidyr
Version: 1.3.0
Source: CRAN

Package: readr
Version: 2.1.4
Source: CRAN

Package: configr
Version: 0.3.5
Source: CRAN

Package: logger
Version: 0.2.2
Source: CRAN

Package: scales
Version: 1.3.0
Source: CRAN

Package: RColorBrewer
Version: 1.1-3
Source: CRAN

Package: gridExtra
Version: 2.3
Source: CRAN

Package: broom
Version: 1.0.5
Source: CRAN

Package: broom.mixed
Version: 0.2.9.4
Source: CRAN

Package: knitr
Version: 1.45
Source: CRAN

Package: rmarkdown
Version: 2.25
Source: CRAN

Package: testthat
Version: 3.2.1
Source: CRAN

Package: devtools
Version: 2.4.5
Source: CRAN

# For mixed-effects modeling
Package: nlme
Version: 3.1-163
Source: CRAN

Package: Matrix
Version: 1.6-4
Source: CRAN

# For survival analysis (if needed)
Package: survival
Version: 3.5-7
Source: CRAN

# For advanced plotting
Package: ggpubr
Version: 0.6.0
Source: CRAN

Package: corrplot
Version: 0.92
Source: CRAN

# For statistical testing
Package: car
Version: 3.1-2
Source: CRAN

Package: emmeans
Version: 1.9.0
Source: CRAN